
Microsoft Visual Studio Solution File, Format Version 12.00
# Visual Studio Version 17
VisualStudioVersion = 17.0.32014.148
MinimumVisualStudioVersion = 10.0.40219.1
Project("{FAE04EC0-301F-11D3-BF4B-00C04F79EFBC}") = "GradeBook.Tests", "GradeBook.Tests.csproj", "{509EE8E2-6CAA-4465-984C-1C7EDB1D1F58}"
EndProject
Global
	GlobalSection(SolutionConfigurationPlatforms) = preSolution
		Debug|Any CPU = Debug|Any CPU
		Release|Any CPU = Release|Any CPU
	EndGlobalSection
	GlobalSection(ProjectConfigurationPlatforms) = postSolution
		{509EE8E2-6CAA-4465-984C-1C7EDB1D1F58}.Debug|Any CPU.ActiveCfg = Debug|Any CPU
		{509EE8E2-6CAA-4465-984C-1C7EDB1D1F58}.Debug|Any CPU.Build.0 = Debug|Any CPU
		{509EE8E2-6CAA-4465-984C-1C7EDB1D1F58}.Release|Any CPU.ActiveCfg = Release|Any CPU
		{509EE8E2-6CAA-4465-984C-1C7EDB1D1F58}.Release|Any CPU.Build.0 = Release|Any CPU
	EndGlobalSection
	GlobalSection(SolutionProperties) = preSolution
		HideSolutionNode = FALSE
	EndGlobalSection
	GlobalSection(ExtensibilityGlobals) = postSolution
		SolutionGuid = {8BB36391-B9B5-4D49-9F3C-0D2E8EB3013D}
	EndGlobalSection
EndGlobal
